// !$*UTF8*$!
{
	archiveVersion = 1;
	classes = {
	};
	objectVersion = 50;
	objects = {

/* Begin PBXBuildFile section */
		4290C01C264D960600706CE4 /* MusicByLocationApp.swift in Sources */ = {isa = PBXBuildFile; fileRef = 4290C01B264D960600706CE4 /* MusicByLocationApp.swift */; };
		4290C01E264D960600706CE4 /* ContentView.swift in Sources */ = {isa = PBXBuildFile; fileRef = 4290C01D264D960600706CE4 /* ContentView.swift */; };
		4290C020264D960D00706CE4 /* Assets.xcassets in Resources */ = {isa = PBXBuildFile; fileRef = 4290C01F264D960D00706CE4 /* Assets.xcassets */; };
		4290C023264D960D00706CE4 /* Preview Assets.xcassets in Resources */ = {isa = PBXBuildFile; fileRef = 4290C022264D960D00706CE4 /* Preview Assets.xcassets */; };
		4290C02E264D960E00706CE4 /* MusicByLocationTests.swift in Sources */ = {isa = PBXBuildFile; fileRef = 4290C02D264D960E00706CE4 /* MusicByLocationTests.swift */; };
		4290C039264D960E00706CE4 /* MusicByLocationUITests.swift in Sources */ = {isa = PBXBuildFile; fileRef = 4290C038264D960E00706CE4 /* MusicByLocationUITests.swift */; };
		4290C04A264DA6DE00706CE4 /* LocationHandler.swift in Sources */ = {isa = PBXBuildFile; fileRef = 4290C049264DA6DE00706CE4 /* LocationHandler.swift */; };
		4290C056265310B800706CE4 /* CLPlacemark.swift in Sources */ = {isa = PBXBuildFile; fileRef = 4290C055265310B800706CE4 /* CLPlacemark.swift */; };
		4290C0642653151700706CE4 /* StateController.swift in Sources */ = {isa = PBXBuildFile; fileRef = 4290C0632653151700706CE4 /* StateController.swift */; };
		4290C06A26531BFA00706CE4 /* ArtistResponse.swift in Sources */ = {isa = PBXBuildFile; fileRef = 4290C06926531BFA00706CE4 /* ArtistResponse.swift */; };
		4290C06F26531C2600706CE4 /* Artist.swift in Sources */ = {isa = PBXBuildFile; fileRef = 4290C06E26531C2600706CE4 /* Artist.swift */; };
/* End PBXBuildFile section */

/* Begin PBXContainerItemProxy section */
		4290C02A264D960E00706CE4 /* PBXContainerItemProxy */ = {
			isa = PBXContainerItemProxy;
			containerPortal = 4290C010264D960600706CE4 /* Project object */;
			proxyType = 1;
			remoteGlobalIDString = 4290C017264D960600706CE4;
			remoteInfo = MusicByLocation;
		};
		4290C035264D960E00706CE4 /* PBXContainerItemProxy */ = {
			isa = PBXContainerItemProxy;
			containerPortal = 4290C010264D960600706CE4 /* Project object */;
			proxyType = 1;
			remoteGlobalIDString = 4290C017264D960600706CE4;
			remoteInfo = MusicByLocation;
		};
/* End PBXContainerItemProxy section */

/* Begin PBXFileReference section */
		4290C018264D960600706CE4 /* MusicByLocation.app */ = {isa = PBXFileReference; explicitFileType = wrapper.application; includeInIndex = 0; path = MusicByLocation.app; sourceTree = BUILT_PRODUCTS_DIR; };
		4290C01B264D960600706CE4 /* MusicByLocationApp.swift */ = {isa = PBXFileReference; lastKnownFileType = sourcecode.swift; path = MusicByLocationApp.swift; sourceTree = "<group>"; };
		4290C01D264D960600706CE4 /* ContentView.swift */ = {isa = PBXFileReference; lastKnownFileType = sourcecode.swift; path = ContentView.swift; sourceTree = "<group>"; };
		4290C01F264D960D00706CE4 /* Assets.xcassets */ = {isa = PBXFileReference; lastKnownFileType = folder.assetcatalog; path = Assets.xcassets; sourceTree = "<group>"; };
		4290C022264D960D00706CE4 /* Preview Assets.xcassets */ = {isa = PBXFileReference; lastKnownFileType = folder.assetcatalog; path = "Preview Assets.xcassets"; sourceTree = "<group>"; };
		4290C024264D960D00706CE4 /* Info.plist */ = {isa = PBXFileReference; lastKnownFileType = text.plist.xml; path = Info.plist; sourceTree = "<group>"; };
		4290C029264D960E00706CE4 /* MusicByLocationTests.xctest */ = {isa = PBXFileReference; explicitFileType = wrapper.cfbundle; includeInIndex = 0; path = MusicByLocationTests.xctest; sourceTree = BUILT_PRODUCTS_DIR; };
		4290C02D264D960E00706CE4 /* MusicByLocationTests.swift */ = {isa = PBXFileReference; lastKnownFileType = sourcecode.swift; path = MusicByLocationTests.swift; sourceTree = "<group>"; };
		4290C02F264D960E00706CE4 /* Info.plist */ = {isa = PBXFileReference; lastKnownFileType = text.plist.xml; path = Info.plist; sourceTree = "<group>"; };
		4290C034264D960E00706CE4 /* MusicByLocationUITests.xctest */ = {isa = PBXFileReference; explicitFileType = wrapper.cfbundle; includeInIndex = 0; path = MusicByLocationUITests.xctest; sourceTree = BUILT_PRODUCTS_DIR; };
		4290C038264D960E00706CE4 /* MusicByLocationUITests.swift */ = {isa = PBXFileReference; lastKnownFileType = sourcecode.swift; path = MusicByLocationUITests.swift; sourceTree = "<group>"; };
		4290C03A264D960E00706CE4 /* Info.plist */ = {isa = PBXFileReference; lastKnownFileType = text.plist.xml; path = Info.plist; sourceTree = "<group>"; };
		4290C049264DA6DE00706CE4 /* LocationHandler.swift */ = {isa = PBXFileReference; lastKnownFileType = sourcecode.swift; path = LocationHandler.swift; sourceTree = "<group>"; };
		4290C055265310B800706CE4 /* CLPlacemark.swift */ = {isa = PBXFileReference; lastKnownFileType = sourcecode.swift; path = CLPlacemark.swift; sourceTree = "<group>"; };
		4290C0632653151700706CE4 /* StateController.swift */ = {isa = PBXFileReference; lastKnownFileType = sourcecode.swift; path = StateController.swift; sourceTree = "<group>"; };
		4290C06926531BFA00706CE4 /* ArtistResponse.swift */ = {isa = PBXFileReference; lastKnownFileType = sourcecode.swift; path = ArtistResponse.swift; sourceTree = "<group>"; };
		4290C06E26531C2600706CE4 /* Artist.swift */ = {isa = PBXFileReference; lastKnownFileType = sourcecode.swift; path = Artist.swift; sourceTree = "<group>"; };
/* End PBXFileReference section */

/* Begin PBXFrameworksBuildPhase section */
		4290C015264D960600706CE4 /* Frameworks */ = {
			isa = PBXFrameworksBuildPhase;
			buildActionMask = 2147483647;
			files = (
			);
			runOnlyForDeploymentPostprocessing = 0;
		};
		4290C026264D960E00706CE4 /* Frameworks */ = {
			isa = PBXFrameworksBuildPhase;
			buildActionMask = 2147483647;
			files = (
			);
			runOnlyForDeploymentPostprocessing = 0;
		};
		4290C031264D960E00706CE4 /* Frameworks */ = {
			isa = PBXFrameworksBuildPhase;
			buildActionMask = 2147483647;
			files = (
			);
			runOnlyForDeploymentPostprocessing = 0;
		};
/* End PBXFrameworksBuildPhase section */

/* Begin PBXGroup section */
		4290C00F264D960600706CE4 = {
			isa = PBXGroup;
			children = (
				4290C01A264D960600706CE4 /* MusicByLocation */,
				4290C02C264D960E00706CE4 /* MusicByLocationTests */,
				4290C037264D960E00706CE4 /* MusicByLocationUITests */,
				4290C019264D960600706CE4 /* Products */,
			);
			sourceTree = "<group>";
		};
		4290C019264D960600706CE4 /* Products */ = {
			isa = PBXGroup;
			children = (
				4290C018264D960600706CE4 /* MusicByLocation.app */,
				4290C029264D960E00706CE4 /* MusicByLocationTests.xctest */,
				4290C034264D960E00706CE4 /* MusicByLocationUITests.xctest */,
			);
			name = Products;
			sourceTree = "<group>";
		};
		4290C01A264D960600706CE4 /* MusicByLocation */ = {
			isa = PBXGroup;
			children = (
				4290C06826531BE300706CE4 /* Model */,
				4290C0542653109300706CE4 /* Extensions */,
				4290C01B264D960600706CE4 /* MusicByLocationApp.swift */,
				4290C01D264D960600706CE4 /* ContentView.swift */,
				4290C01F264D960D00706CE4 /* Assets.xcassets */,
				4290C024264D960D00706CE4 /* Info.plist */,
				4290C021264D960D00706CE4 /* Preview Content */,
				4290C049264DA6DE00706CE4 /* LocationHandler.swift */,
				4290C0632653151700706CE4 /* StateController.swift */,
			);
			path = MusicByLocation;
			sourceTree = "<group>";
		};
		4290C021264D960D00706CE4 /* Preview Content */ = {
			isa = PBXGroup;
			children = (
				4290C022264D960D00706CE4 /* Preview Assets.xcassets */,
			);
			path = "Preview Content";
			sourceTree = "<group>";
		};
		4290C02C264D960E00706CE4 /* MusicByLocationTests */ = {
			isa = PBXGroup;
			children = (
				4290C02D264D960E00706CE4 /* MusicByLocationTests.swift */,
				4290C02F264D960E00706CE4 /* Info.plist */,
			);
			path = MusicByLocationTests;
			sourceTree = "<group>";
		};
		4290C037264D960E00706CE4 /* MusicByLocationUITests */ = {
			isa = PBXGroup;
			children = (
				4290C038264D960E00706CE4 /* MusicByLocationUITests.swift */,
				4290C03A264D960E00706CE4 /* Info.plist */,
			);
			path = MusicByLocationUITests;
			sourceTree = "<group>";
		};
		4290C0542653109300706CE4 /* Extensions */ = {
			isa = PBXGroup;
			children = (
				4290C055265310B800706CE4 /* CLPlacemark.swift */,
			);
			path = Extensions;
			sourceTree = "<group>";
		};
		4290C06826531BE300706CE4 /* Model */ = {
			isa = PBXGroup;
			children = (
				4290C06926531BFA00706CE4 /* ArtistResponse.swift */,
				4290C06E26531C2600706CE4 /* Artist.swift */,
			);
			path = Model;
			sourceTree = "<group>";
		};
/* End PBXGroup section */

/* Begin PBXNativeTarget section */
		4290C017264D960600706CE4 /* MusicByLocation */ = {
			isa = PBXNativeTarget;
			buildConfigurationList = 4290C03D264D960E00706CE4 /* Build configuration list for PBXNativeTarget "MusicByLocation" */;
			buildPhases = (
				4290C014264D960600706CE4 /* Sources */,
				4290C015264D960600706CE4 /* Frameworks */,
				4290C016264D960600706CE4 /* Resources */,
			);
			buildRules = (
			);
			dependencies = (
			);
			name = MusicByLocation;
			productName = MusicByLocation;
			productReference = 4290C018264D960600706CE4 /* MusicByLocation.app */;
			productType = "com.apple.product-type.application";
		};
		4290C028264D960E00706CE4 /* MusicByLocationTests */ = {
			isa = PBXNativeTarget;
			buildConfigurationList = 4290C040264D960E00706CE4 /* Build configuration list for PBXNativeTarget "MusicByLocationTests" */;
			buildPhases = (
				4290C025264D960E00706CE4 /* Sources */,
				4290C026264D960E00706CE4 /* Frameworks */,
				4290C027264D960E00706CE4 /* Resources */,
			);
			buildRules = (
			);
			dependencies = (
				4290C02B264D960E00706CE4 /* PBXTargetDependency */,
			);
			name = MusicByLocationTests;
			productName = MusicByLocationTests;
			productReference = 4290C029264D960E00706CE4 /* MusicByLocationTests.xctest */;
			productType = "com.apple.product-type.bundle.unit-test";
		};
		4290C033264D960E00706CE4 /* MusicByLocationUITests */ = {
			isa = PBXNativeTarget;
			buildConfigurationList = 4290C043264D960E00706CE4 /* Build configuration list for PBXNativeTarget "MusicByLocationUITests" */;
			buildPhases = (
				4290C030264D960E00706CE4 /* Sources */,
				4290C031264D960E00706CE4 /* Frameworks */,
				4290C032264D960E00706CE4 /* Resources */,
			);
			buildRules = (
			);
			dependencies = (
				4290C036264D960E00706CE4 /* PBXTargetDependency */,
			);
			name = MusicByLocationUITests;
			productName = MusicByLocationUITests;
			productReference = 4290C034264D960E00706CE4 /* MusicByLocationUITests.xctest */;
			productType = "com.apple.product-type.bundle.ui-testing";
		};
/* End PBXNativeTarget section */

/* Begin PBXProject section */
		4290C010264D960600706CE4 /* Project object */ = {
			isa = PBXProject;
			attributes = {
				LastSwiftUpdateCheck = 1200;
				LastUpgradeCheck = 1200;
				TargetAttributes = {
					4290C017264D960600706CE4 = {
						CreatedOnToolsVersion = 12.0.1;
					};
					4290C028264D960E00706CE4 = {
						CreatedOnToolsVersion = 12.0.1;
						TestTargetID = 4290C017264D960600706CE4;
					};
					4290C033264D960E00706CE4 = {
						CreatedOnToolsVersion = 12.0.1;
						TestTargetID = 4290C017264D960600706CE4;
					};
				};
			};
			buildConfigurationList = 4290C013264D960600706CE4 /* Build configuration list for PBXProject "MusicByLocation" */;
			compatibilityVersion = "Xcode 9.3";
			developmentRegion = en;
			hasScannedForEncodings = 0;
			knownRegions = (
				en,
				Base,
			);
			mainGroup = 4290C00F264D960600706CE4;
			productRefGroup = 4290C019264D960600706CE4 /* Products */;
			projectDirPath = "";
			projectRoot = "";
			targets = (
				4290C017264D960600706CE4 /* MusicByLocation */,
				4290C028264D960E00706CE4 /* MusicByLocationTests */,
				4290C033264D960E00706CE4 /* MusicByLocationUITests */,
			);
		};
/* End PBXProject section */

/* Begin PBXResourcesBuildPhase section */
		4290C016264D960600706CE4 /* Resources */ = {
			isa = PBXResourcesBuildPhase;
			buildActionMask = 2147483647;
			files = (
				4290C023264D960D00706CE4 /* Preview Assets.xcassets in Resources */,
				4290C020264D960D00706CE4 /* Assets.xcassets in Resources */,
			);
			runOnlyForDeploymentPostprocessing = 0;
		};
		4290C027264D960E00706CE4 /* Resources */ = {
			isa = PBXResourcesBuildPhase;
			buildActionMask = 2147483647;
			files = (
			);
			runOnlyForDeploymentPostprocessing = 0;
		};
		4290C032264D960E00706CE4 /* Resources */ = {
			isa = PBXResourcesBuildPhase;
			buildActionMask = 2147483647;
			files = (
			);
			runOnlyForDeploymentPostprocessing = 0;
		};
/* End PBXResourcesBuildPhase section */

/* Begin PBXSourcesBuildPhase section */
		4290C014264D960600706CE4 /* Sources */ = {
			isa = PBXSourcesBuildPhase;
			buildActionMask = 2147483647;
			files = (
				4290C04A264DA6DE00706CE4 /* LocationHandler.swift in Sources */,
				4290C01E264D960600706CE4 /* ContentView.swift in Sources */,
				4290C01C264D960600706CE4 /* MusicByLocationApp.swift in Sources */,
				4290C056265310B800706CE4 /* CLPlacemark.swift in Sources */,
				4290C0642653151700706CE4 /* StateController.swift in Sources */,
				4290C06A26531BFA00706CE4 /* ArtistResponse.swift in Sources */,
				4290C06F26531C2600706CE4 /* Artist.swift in Sources */,
			);
			runOnlyForDeploymentPostprocessing = 0;
		};
		4290C025264D960E00706CE4 /* Sources */ = {
			isa = PBXSourcesBuildPhase;
			buildActionMask = 2147483647;
			files = (
				4290C02E264D960E00706CE4 /* MusicByLocationTests.swift in Sources */,
			);
			runOnlyForDeploymentPostprocessing = 0;
		};
		4290C030264D960E00706CE4 /* Sources */ = {
			isa = PBXSourcesBuildPhase;
			buildActionMask = 2147483647;
			files = (
				4290C039264D960E00706CE4 /* MusicByLocationUITests.swift in Sources */,
			);
			runOnlyForDeploymentPostprocessing = 0;
		};
/* End PBXSourcesBuildPhase section */

/* Begin PBXTargetDependency section */
		4290C02B264D960E00706CE4 /* PBXTargetDependency */ = {
			isa = PBXTargetDependency;
			target = 4290C017264D960600706CE4 /* MusicByLocation */;
			targetProxy = 4290C02A264D960E00706CE4 /* PBXContainerItemProxy */;
		};
		4290C036264D960E00706CE4 /* PBXTargetDependency */ = {
			isa = PBXTargetDependency;
			target = 4290C017264D960600706CE4 /* MusicByLocation */;
			targetProxy = 4290C035264D960E00706CE4 /* PBXContainerItemProxy */;
		};
/* End PBXTargetDependency section */

/* Begin XCBuildConfiguration section */
		4290C03B264D960E00706CE4 /* Debug */ = {
			isa = XCBuildConfiguration;
			buildSettings = {
				ALWAYS_SEARCH_USER_PATHS = NO;
				CLANG_ANALYZER_NONNULL = YES;
				CLANG_ANALYZER_NUMBER_OBJECT_CONVERSION = YES_AGGRESSIVE;
				CLANG_CXX_LANGUAGE_STANDARD = "gnu++14";
				CLANG_CXX_LIBRARY = "libc++";
				CLANG_ENABLE_MODULES = YES;
				CLANG_ENABLE_OBJC_ARC = YES;
				CLANG_ENABLE_OBJC_WEAK = YES;
				CLANG_WARN_BLOCK_CAPTURE_AUTORELEASING = YES;
				CLANG_WARN_BOOL_CONVERSION = YES;
				CLANG_WARN_COMMA = YES;
				CLANG_WARN_CONSTANT_CONVERSION = YES;
				CLANG_WARN_DEPRECATED_OBJC_IMPLEMENTATIONS = YES;
				CLANG_WARN_DIRECT_OBJC_ISA_USAGE = YES_ERROR;
				CLANG_WARN_DOCUMENTATION_COMMENTS = YES;
				CLANG_WARN_EMPTY_BODY = YES;
				CLANG_WARN_ENUM_CONVERSION = YES;
				CLANG_WARN_INFINITE_RECURSION = YES;
				CLANG_WARN_INT_CONVERSION = YES;
				CLANG_WARN_NON_LITERAL_NULL_CONVERSION = YES;
				CLANG_WARN_OBJC_IMPLICIT_RETAIN_SELF = YES;
				CLANG_WARN_OBJC_LITERAL_CONVERSION = YES;
				CLANG_WARN_OBJC_ROOT_CLASS = YES_ERROR;
				CLANG_WARN_QUOTED_INCLUDE_IN_FRAMEWORK_HEADER = YES;
				CLANG_WARN_RANGE_LOOP_ANALYSIS = YES;
				CLANG_WARN_STRICT_PROTOTYPES = YES;
				CLANG_WARN_SUSPICIOUS_MOVE = YES;
				CLANG_WARN_UNGUARDED_AVAILABILITY = YES_AGGRESSIVE;
				CLANG_WARN_UNREACHABLE_CODE = YES;
				CLANG_WARN__DUPLICATE_METHOD_MATCH = YES;
				COPY_PHASE_STRIP = NO;
				DEBUG_INFORMATION_FORMAT = dwarf;
				ENABLE_STRICT_OBJC_MSGSEND = YES;
				ENABLE_TESTABILITY = YES;
				GCC_C_LANGUAGE_STANDARD = gnu11;
				GCC_DYNAMIC_NO_PIC = NO;
				GCC_NO_COMMON_BLOCKS = YES;
				GCC_OPTIMIZATION_LEVEL = 0;
				GCC_PREPROCESSOR_DEFINITIONS = (
					"DEBUG=1",
					"$(inherited)",
				);
				GCC_WARN_64_TO_32_BIT_CONVERSION = YES;
				GCC_WARN_ABOUT_RETURN_TYPE = YES_ERROR;
				GCC_WARN_UNDECLARED_SELECTOR = YES;
				GCC_WARN_UNINITIALIZED_AUTOS = YES_AGGRESSIVE;
				GCC_WARN_UNUSED_FUNCTION = YES;
				GCC_WARN_UNUSED_VARIABLE = YES;
				IPHONEOS_DEPLOYMENT_TARGET = 14.0;
				MTL_ENABLE_DEBUG_INFO = INCLUDE_SOURCE;
				MTL_FAST_MATH = YES;
				ONLY_ACTIVE_ARCH = YES;
				SDKROOT = iphoneos;
				SWIFT_ACTIVE_COMPILATION_CONDITIONS = DEBUG;
				SWIFT_OPTIMIZATION_LEVEL = "-Onone";
			};
			name = Debug;
		};
		4290C03C264D960E00706CE4 /* Release */ = {
			isa = XCBuildConfiguration;
			buildSettings = {
				ALWAYS_SEARCH_USER_PATHS = NO;
				CLANG_ANALYZER_NONNULL = YES;
				CLANG_ANALYZER_NUMBER_OBJECT_CONVERSION = YES_AGGRESSIVE;
				CLANG_CXX_LANGUAGE_STANDARD = "gnu++14";
				CLANG_CXX_LIBRARY = "libc++";
				CLANG_ENABLE_MODULES = YES;
				CLANG_ENABLE_OBJC_ARC = YES;
				CLANG_ENABLE_OBJC_WEAK = YES;
				CLANG_WARN_BLOCK_CAPTURE_AUTORELEASING = YES;
				CLANG_WARN_BOOL_CONVERSION = YES;
				CLANG_WARN_COMMA = YES;
				CLANG_WARN_CONSTANT_CONVERSION = YES;
				CLANG_WARN_DEPRECATED_OBJC_IMPLEMENTATIONS = YES;
				CLANG_WARN_DIRECT_OBJC_ISA_USAGE = YES_ERROR;
				CLANG_WARN_DOCUMENTATION_COMMENTS = YES;
				CLANG_WARN_EMPTY_BODY = YES;
				CLANG_WARN_ENUM_CONVERSION = YES;
				CLANG_WARN_INFINITE_RECURSION = YES;
				CLANG_WARN_INT_CONVERSION = YES;
				CLANG_WARN_NON_LITERAL_NULL_CONVERSION = YES;
				CLANG_WARN_OBJC_IMPLICIT_RETAIN_SELF = YES;
				CLANG_WARN_OBJC_LITERAL_CONVERSION = YES;
				CLANG_WARN_OBJC_ROOT_CLASS = YES_ERROR;
				CLANG_WARN_QUOTED_INCLUDE_IN_FRAMEWORK_HEADER = YES;
				CLANG_WARN_RANGE_LOOP_ANALYSIS = YES;
				CLANG_WARN_STRICT_PROTOTYPES = YES;
				CLANG_WARN_SUSPICIOUS_MOVE = YES;
				CLANG_WARN_UNGUARDED_AVAILABILITY = YES_AGGRESSIVE;
				CLANG_WARN_UNREACHABLE_CODE = YES;
				CLANG_WARN__DUPLICATE_METHOD_MATCH = YES;
				COPY_PHASE_STRIP = NO;
				DEBUG_INFORMATION_FORMAT = "dwarf-with-dsym";
				ENABLE_NS_ASSERTIONS = NO;
				ENABLE_STRICT_OBJC_MSGSEND = YES;
				GCC_C_LANGUAGE_STANDARD = gnu11;
				GCC_NO_COMMON_BLOCKS = YES;
				GCC_WARN_64_TO_32_BIT_CONVERSION = YES;
				GCC_WARN_ABOUT_RETURN_TYPE = YES_ERROR;
				GCC_WARN_UNDECLARED_SELECTOR = YES;
				GCC_WARN_UNINITIALIZED_AUTOS = YES_AGGRESSIVE;
				GCC_WARN_UNUSED_FUNCTION = YES;
				GCC_WARN_UNUSED_VARIABLE = YES;
				IPHONEOS_DEPLOYMENT_TARGET = 14.0;
				MTL_ENABLE_DEBUG_INFO = NO;
				MTL_FAST_MATH = YES;
				SDKROOT = iphoneos;
				SWIFT_COMPILATION_MODE = wholemodule;
				SWIFT_OPTIMIZATION_LEVEL = "-O";
				VALIDATE_PRODUCT = YES;
			};
			name = Release;
		};
		4290C03E264D960E00706CE4 /* Debug */ = {
			isa = XCBuildConfiguration;
			buildSettings = {
				ASSETCATALOG_COMPILER_APPICON_NAME = AppIcon;
				ASSETCATALOG_COMPILER_GLOBAL_ACCENT_COLOR_NAME = AccentColor;
				CODE_SIGN_STYLE = Automatic;
				DEVELOPMENT_ASSET_PATHS = "\"MusicByLocation/Preview Content\"";
				ENABLE_PREVIEWS = YES;
				INFOPLIST_FILE = MusicByLocation/Info.plist;
				IPHONEOS_DEPLOYMENT_TARGET = 14.0;
				LD_RUNPATH_SEARCH_PATHS = (
					"$(inherited)",
					"@executable_path/Frameworks",
				);
				PRODUCT_BUNDLE_IDENTIFIER = com.hersovjasper.MusicByLocation;
				PRODUCT_NAME = "$(TARGET_NAME)";
				SWIFT_VERSION = 5.0;
				TARGETED_DEVICE_FAMILY = "1,2";
			};
			name = Debug;
		};
		4290C03F264D960E00706CE4 /* Release */ = {
			isa = XCBuildConfiguration;
			buildSettings = {
				ASSETCATALOG_COMPILER_APPICON_NAME = AppIcon;
				ASSETCATALOG_COMPILER_GLOBAL_ACCENT_COLOR_NAME = AccentColor;
				CODE_SIGN_STYLE = Automatic;
				DEVELOPMENT_ASSET_PATHS = "\"MusicByLocation/Preview Content\"";
				ENABLE_PREVIEWS = YES;
				INFOPLIST_FILE = MusicByLocation/Info.plist;
				IPHONEOS_DEPLOYMENT_TARGET = 14.0;
				LD_RUNPATH_SEARCH_PATHS = (
					"$(inherited)",
					"@executable_path/Frameworks",
				);
				PRODUCT_BUNDLE_IDENTIFIER = com.hersovjasper.MusicByLocation;
				PRODUCT_NAME = "$(TARGET_NAME)";
				SWIFT_VERSION = 5.0;
				TARGETED_DEVICE_FAMILY = "1,2";
			};
			name = Release;
		};
		4290C041264D960E00706CE4 /* Debug */ = {
			isa = XCBuildConfiguration;
			buildSettings = {
				ALWAYS_EMBED_SWIFT_STANDARD_LIBRARIES = YES;
				BUNDLE_LOADER = "$(TEST_HOST)";
				CODE_SIGN_STYLE = Automatic;
				INFOPLIST_FILE = MusicByLocationTests/Info.plist;
				IPHONEOS_DEPLOYMENT_TARGET = 14.0;
				LD_RUNPATH_SEARCH_PATHS = (
					"$(inherited)",
					"@executable_path/Frameworks",
					"@loader_path/Frameworks",
				);
				PRODUCT_BUNDLE_IDENTIFIER = com.hersovjasper.MusicByLocationTests;
				PRODUCT_NAME = "$(TARGET_NAME)";
				SWIFT_VERSION = 5.0;
				TARGETED_DEVICE_FAMILY = "1,2";
				TEST_HOST = "$(BUILT_PRODUCTS_DIR)/MusicByLocation.app/MusicByLocation";
			};
			name = Debug;
		};
		4290C042264D960E00706CE4 /* Release */ = {
			isa = XCBuildConfiguration;
			buildSettings = {
				ALWAYS_EMBED_SWIFT_STANDARD_LIBRARIES = YES;
				BUNDLE_LOADER = "$(TEST_HOST)";
				CODE_SIGN_STYLE = Automatic;
				INFOPLIST_FILE = MusicByLocationTests/Info.plist;
				IPHONEOS_DEPLOYMENT_TARGET = 14.0;
				LD_RUNPATH_SEARCH_PATHS = (
					"$(inherited)",
					"@executable_path/Frameworks",
					"@loader_path/Frameworks",
				);
				PRODUCT_BUNDLE_IDENTIFIER = com.hersovjasper.MusicByLocationTests;
				PRODUCT_NAME = "$(TARGET_NAME)";
				SWIFT_VERSION = 5.0;
				TARGETED_DEVICE_FAMILY = "1,2";
				TEST_HOST = "$(BUILT_PRODUCTS_DIR)/MusicByLocation.app/MusicByLocation";
			};
			name = Release;
		};
		4290C044264D960E00706CE4 /* Debug */ = {
			isa = XCBuildConfiguration;
			buildSettings = {
				ALWAYS_EMBED_SWIFT_STANDARD_LIBRARIES = YES;
				CODE_SIGN_STYLE = Automatic;
				INFOPLIST_FILE = MusicByLocationUITests/Info.plist;
				LD_RUNPATH_SEARCH_PATHS = (
					"$(inherited)",
					"@executable_path/Frameworks",
					"@loader_path/Frameworks",
				);
				PRODUCT_BUNDLE_IDENTIFIER = com.hersovjasper.MusicByLocationUITests;
				PRODUCT_NAME = "$(TARGET_NAME)";
				SWIFT_VERSION = 5.0;
				TARGETED_DEVICE_FAMILY = "1,2";
				TEST_TARGET_NAME = MusicByLocation;
			};
			name = Debug;
		};
		4290C045264D960E00706CE4 /* Release */ = {
			isa = XCBuildConfiguration;
			buildSettings = {
				ALWAYS_EMBED_SWIFT_STANDARD_LIBRARIES = YES;
				CODE_SIGN_STYLE = Automatic;
				INFOPLIST_FILE = MusicByLocationUITests/Info.plist;
				LD_RUNPATH_SEARCH_PATHS = (
					"$(inherited)",
					"@executable_path/Frameworks",
					"@loader_path/Frameworks",
				);
				PRODUCT_BUNDLE_IDENTIFIER = com.hersovjasper.MusicByLocationUITests;
				PRODUCT_NAME = "$(TARGET_NAME)";
				SWIFT_VERSION = 5.0;
				TARGETED_DEVICE_FAMILY = "1,2";
				TEST_TARGET_NAME = MusicByLocation;
			};
			name = Release;
		};
/* End XCBuildConfiguration section */

/* Begin XCConfigurationList section */
		4290C013264D960600706CE4 /* Build configuration list for PBXProject "MusicByLocation" */ = {
			isa = XCConfigurationList;
			buildConfigurations = (
				4290C03B264D960E00706CE4 /* Debug */,
				4290C03C264D960E00706CE4 /* Release */,
			);
			defaultConfigurationIsVisible = 0;
			defaultConfigurationName = Release;
		};
		4290C03D264D960E00706CE4 /* Build configuration list for PBXNativeTarget "MusicByLocation" */ = {
			isa = XCConfigurationList;
			buildConfigurations = (
				4290C03E264D960E00706CE4 /* Debug */,
				4290C03F264D960E00706CE4 /* Release */,
			);
			defaultConfigurationIsVisible = 0;
			defaultConfigurationName = Release;
		};
		4290C040264D960E00706CE4 /* Build configuration list for PBXNativeTarget "MusicByLocationTests" */ = {
			isa = XCConfigurationList;
			buildConfigurations = (
				4290C041264D960E00706CE4 /* Debug */,
				4290C042264D960E00706CE4 /* Release */,
			);
			defaultConfigurationIsVisible = 0;
			defaultConfigurationName = Release;
		};
		4290C043264D960E00706CE4 /* Build configuration list for PBXNativeTarget "MusicByLocationUITests" */ = {
			isa = XCConfigurationList;
			buildConfigurations = (
				4290C044264D960E00706CE4 /* Debug */,
				4290C045264D960E00706CE4 /* Release */,
			);
			defaultConfigurationIsVisible = 0;
			defaultConfigurationName = Release;
		};
/* End XCConfigurationList section */
	};
	rootObject = 4290C010264D960600706CE4 /* Project object */;
}
